
Microsoft Visual Studio Solution File, Format Version 12.00
# Visual Studio Version 17
VisualStudioVersion = 17.2.32630.192
MinimumVisualStudioVersion = 10.0.40219.1
Project("{9A19103F-16F7-4668-BE54-9A1E7A4F7556}") = "DKCommunicationNET", "DKCommunicationNET.csproj", "{FAB3FCA6-7628-47D1-9F23-92BBB0195EB7}"
EndProject
Project("{2150E333-8FDC-42A3-9474-1A3956D46DE8}") = "Solution Items", "Solution Items", "{70ABB425-DB91-4CD2-BC59-CE5D679C533F}"
	ProjectSection(SolutionItems) = preProject
		.editorconfig = .editorconfig
	EndProjectSection
EndProject
Project("{FAE04EC0-301F-11D3-BF4B-00C04F79EFBC}") = "DKCommunicationNET.Test", "..\DKCommunicationNET.Test\DKCommunicationNET.Test.csproj", "{55ED1D2F-3C7A-438E-95D5-8076ADD95C39}"
EndProject
Global
	GlobalSection(SolutionConfigurationPlatforms) = preSolution
		Debug|Any CPU = Debug|Any CPU
		Release|Any CPU = Release|Any CPU
	EndGlobalSection
	GlobalSection(ProjectConfigurationPlatforms) = postSolution
		{FAB3FCA6-7628-47D1-9F23-92BBB0195EB7}.Debug|Any CPU.ActiveCfg = Debug|Any CPU
		{FAB3FCA6-7628-47D1-9F23-92BBB0195EB7}.Debug|Any CPU.Build.0 = Debug|Any CPU
		{FAB3FCA6-7628-47D1-9F23-92BBB0195EB7}.Release|Any CPU.ActiveCfg = Release|Any CPU
		{FAB3FCA6-7628-47D1-9F23-92BBB0195EB7}.Release|Any CPU.Build.0 = Release|Any CPU
		{55ED1D2F-3C7A-438E-95D5-8076ADD95C39}.Debug|Any CPU.ActiveCfg = Debug|Any CPU
		{55ED1D2F-3C7A-438E-95D5-8076ADD95C39}.Debug|Any CPU.Build.0 = Debug|Any CPU
		{55ED1D2F-3C7A-438E-95D5-8076ADD95C39}.Release|Any CPU.ActiveCfg = Release|Any CPU
		{55ED1D2F-3C7A-438E-95D5-8076ADD95C39}.Release|Any CPU.Build.0 = Release|Any CPU
	EndGlobalSection
	GlobalSection(SolutionProperties) = preSolution
		HideSolutionNode = FALSE
	EndGlobalSection
	GlobalSection(ExtensibilityGlobals) = postSolution
		SolutionGuid = {A91344AE-6DE1-433C-9EDE-CB1265FC5CA4}
	EndGlobalSection
EndGlobal
